# This file is generated by running "yarn install" inside your project.
# Manual changes might be lost - proceed with caution!

__metadata:
  version: 6
  cacheKey: 8

"react-pretty-carousel@npm:^1.0.19":
  version: 1.0.19
  resolution: "react-pretty-carousel@npm:1.0.19"
  peerDependencies:
    prop-types: ^15.6.0
    react: ^16.13.1
    react-dom: ^16.13.1
  checksum: c601954dcaa554a7e4a1ef1a84df7f91812557c7a846d1d49bec301ebf6b9e6388fb24bb61c936db7ab13b915c40c7e083fdd8f2a670222030388ecc17a37ff3
  languageName: node
  linkType: hard

"sports@workspace:.":
  version: 0.0.0-use.local
  resolution: "sports@workspace:."
  dependencies:
    react-pretty-carousel: ^1.0.19
  languageName: unknown
  linkType: soft
